schema: '2.0'
stages:
  preprocess:
    cmd: uv run src/preprocess.py
    deps:
    - path: data/avis_40k.csv
      hash: md5
      md5: a37a97783209add4600b46b82faeb88b
      size: 21331918
    - path: src/preprocess.py
      hash: md5
      md5: 51b052a672793a305255db9fe1be80dd
      size: 2221
    outs:
    - path: data/avis_cleaned.csv
      hash: md5
      md5: f0ebb653f6335b8657c61547c1b23572
      size: 20623543
  nlp_simple:
    cmd: uv run src/preprocess_nlp.py
    deps:
    - path: data/avis_cleaned.csv
      hash: md5
      md5: f0ebb653f6335b8657c61547c1b23572
      size: 20623543
    - path: src/preprocess_nlp.py
      hash: md5
      md5: ec367b95f91f02891a928bfd6ffee280
      size: 2316
    outs:
    - path: data/avis_nlp.csv
      hash: md5
      md5: b36b8de537328709b48a33a2ef242bab
      size: 24081047
  spacy_lemmatization:
    cmd: uv run src/preprocess_spacy.py
    deps:
    - path: data/avis_cleaned.csv
      hash: md5
      md5: f0ebb653f6335b8657c61547c1b23572
      size: 20623543
    - path: src/preprocess_spacy.py
      hash: md5
      md5: 56641a07add67062972024e7483e6325
      size: 2321
    outs:
    - path: data/avis_bertopic.csv
      hash: md5
      md5: 004c6d552a699965607d010e4722e0c2
      size: 24591821
  train:
    cmd: uv run src/train.py --filepath data/avis_bertopic.csv --model_output 
      models/BERTopic
    deps:
    - path: data/avis_bertopic.csv
      hash: md5
      md5: 004c6d552a699965607d010e4722e0c2
      size: 24591821
    - path: src/train.py
      hash: md5
      md5: 0b56f8c6b3cae914d53f40a57cc2ed8f
      size: 9303
    outs:
    - path: data/clusterized.csv
      hash: md5
      md5: 41b2b391916afac68ae09b4b1525207b
      size: 500211659
    - path: models/BERTopic
      hash: md5
      md5: c06ce3ce25f700150bb2b1c78db88f95
      size: 440198106
    - path: models/BERTopic_kmeans.pkl
      hash: md5
      md5: 4240b58a3ec1172b26ad153b4bf0721d
      size: 33331
    - path: models/BERTopic_meta_labels.pkl
      hash: md5
      md5: a7e8f7baccc47db07002d27f99d2a884
      size: 478
    - path: models/BERTopic_topic_to_meta.pkl
      hash: md5
      md5: e0a38c783af0b8aa7996fa9ea6470bc2
      size: 8324
  evaluate:
    cmd: uv run src/evaluate.py --filepath data/clusterized.csv --metrics_output
      metrics/silhouette.json
    deps:
    - path: data/clusterized.csv
      hash: md5
      md5: 41b2b391916afac68ae09b4b1525207b
      size: 500211659
    - path: src/evaluate.py
      hash: md5
      md5: 209febdc8a12bd0a69e8dc5415aa7fba
      size: 3704
    outs:
    - path: metrics/silhouette.json
      hash: md5
      md5: 1790f99216ccc16d3afdd5c2ecda3346
      size: 48
