schema: '2.0'
stages:
  preprocess:
    cmd: uv run src/preprocess.py
    deps:
    - path: data/avis_40k.csv
      hash: md5
      md5: a37a97783209add4600b46b82faeb88b
      size: 21331918
    - path: src/preprocess.py
      hash: md5
      md5: 51b052a672793a305255db9fe1be80dd
      size: 2221
    outs:
    - path: data/avis_cleaned.csv
      hash: md5
      md5: f0ebb653f6335b8657c61547c1b23572
      size: 20623543
  nlp_simple:
    cmd: uv run src/preprocess_nlp.py
    deps:
    - path: data/avis_cleaned.csv
      hash: md5
      md5: f0ebb653f6335b8657c61547c1b23572
      size: 20623543
    - path: src/preprocess_nlp.py
      hash: md5
      md5: ec367b95f91f02891a928bfd6ffee280
      size: 2316
    outs:
    - path: data/avis_nlp.csv
      hash: md5
      md5: b36b8de537328709b48a33a2ef242bab
      size: 24081047
  spacy_lemmatization:
    cmd: uv run src/preprocess_spacy.py
    deps:
    - path: data/avis_cleaned.csv
      hash: md5
      md5: f0ebb653f6335b8657c61547c1b23572
      size: 20623543
    - path: src/preprocess_spacy.py
      hash: md5
      md5: 56641a07add67062972024e7483e6325
      size: 2321
    outs:
    - path: data/avis_bertopic.csv
      hash: md5
      md5: 004c6d552a699965607d010e4722e0c2
      size: 24591821
  train:
    cmd: uv run src/train.py --filepath data/avis_bertopic.csv --model_output 
      models/BERTopic
    deps:
    - path: data/avis_bertopic.csv
      hash: md5
      md5: 004c6d552a699965607d010e4722e0c2
      size: 24591821
    - path: src/train.py
      hash: md5
      md5: 4b6c7694e72e31c6481c028e6a68dbbc
      size: 10975
    outs:
    - path: data/clusterized.csv
      hash: md5
      md5: 05ec88615724761cf47e4ffd4cf4a212
      size: 500050292
    - path: models/BERTopic
      hash: md5
      md5: d884de0cb89876686dc3d2ddd0114066.dir
      size: 2128536
      nfiles: 3
    - path: models/BERTopic_embeddings.pkl
      hash: md5
      md5: b0c15847c46c6577553ffa46132db134
      size: 122689777
    - path: models/BERTopic_kmeans.pkl
      hash: md5
      md5: 1fe6b7cdeef2af9a55d8940e216617ef
      size: 33327
    - path: models/BERTopic_meta_labels.pkl
      hash: md5
      md5: c25b7cf8b9515a99df32db38e9f7a331
      size: 513
    - path: models/BERTopic_topic_to_meta.pkl
      hash: md5
      md5: 7ec65e157a4c118e8245fa35d6581a42
      size: 8306
  evaluate:
    cmd: uv run src/evaluate.py --filepath data/clusterized.csv --metrics_output
      metrics/silhouette.json
    deps:
    - path: data/clusterized.csv
      hash: md5
      md5: 05ec88615724761cf47e4ffd4cf4a212
      size: 500050292
    - path: src/evaluate.py
      hash: md5
      md5: 8dd82415ac056129d2c163cd29103536
      size: 4141
    outs:
    - path: metrics/silhouette.json
      hash: md5
      md5: 0e3ef2d072e8d2d7cf40579ab3fae5c3
      size: 46
