schema: '2.0'
stages:
  preprocess:
    cmd: python src/preprocess.py
    deps:
    - path: data/avis_40k.csv
      hash: md5
      md5: a37a97783209add4600b46b82faeb88b
      size: 21331918
    - path: src/preprocess.py
      hash: md5
      md5: 51b052a672793a305255db9fe1be80dd
      size: 2221
    outs:
    - path: data/avis_cleaned.csv
      hash: md5
      md5: f0ebb653f6335b8657c61547c1b23572
      size: 20623543
  nlp_simple:
    cmd: python src/preprocess_nlp.py
    deps:
    - path: data/avis_cleaned.csv
      hash: md5
      md5: f0ebb653f6335b8657c61547c1b23572
      size: 20623543
    - path: src/preprocess_nlp.py
      hash: md5
      md5: ec367b95f91f02891a928bfd6ffee280
      size: 2316
    outs:
    - path: data/avis_nlp.csv
      hash: md5
      md5: b36b8de537328709b48a33a2ef242bab
      size: 24081047
  spacy_lemmatization:
    cmd: python src/preprocess_spacy.py
    deps:
    - path: data/avis_cleaned.csv
      hash: md5
      md5: f0ebb653f6335b8657c61547c1b23572
      size: 20623543
    - path: src/preprocess_spacy.py
      hash: md5
      md5: 56641a07add67062972024e7483e6325
      size: 2321
    outs:
    - path: data/avis_bertopic.csv
      hash: md5
      md5: 004c6d552a699965607d010e4722e0c2
      size: 24591821
  train@c5:
    cmd: python src/train.py -v -nc 5 -o models/c5
    deps:
    - path: data/avis_bertopic.csv
      hash: md5
      md5: 004c6d552a699965607d010e4722e0c2
      size: 24591821
    - path: src/train.py
      hash: md5
      md5: 14b2099afcb2da0c4ef14b3737be9f81
      size: 6956
    outs:
    - path: models/c5/artifacts
      hash: md5
      md5: 1718661e37a7834050455b114cc8fe37.dir
      size: 298526835
      nfiles: 9
  train@c10:
    cmd: python src/train.py -v -nc 10 -o models/c10
    deps:
    - path: data/avis_bertopic.csv
      hash: md5
      md5: 004c6d552a699965607d010e4722e0c2
      size: 24591821
    - path: src/train.py
      hash: md5
      md5: 14b2099afcb2da0c4ef14b3737be9f81
      size: 6956
    outs:
    - path: models/c10/artifacts
      hash: md5
      md5: e6085b528e7234965d45a27c115cd672.dir
      size: 298515490
      nfiles: 9
  train@c15:
    cmd: python src/train.py -v -nc 15 -o models/c15
    deps:
    - path: data/avis_bertopic.csv
      hash: md5
      md5: 004c6d552a699965607d010e4722e0c2
      size: 24591821
    - path: src/train.py
      hash: md5
      md5: 14b2099afcb2da0c4ef14b3737be9f81
      size: 6956
    outs:
    - path: models/c15/artifacts
      hash: md5
      md5: 202ede03d03fefe71255b28c423fa931.dir
      size: 298513324
      nfiles: 9
  evaluate@c5:
    cmd: python src/evaluate.py -v -f models/c5/artifacts/clusterized.csv -ri 
      models/c5/last_run_id.txt -ap models/c5/artifacts -mo 
      metrics/c5/silhouette.json
    deps:
    - path: models/c5/artifacts/clusterized.csv
      hash: md5
      md5: b47356a086bb85d1078af5c5491044ce
      size: 235866539
    - path: models/c5/last_run_id.txt
      hash: md5
      md5: e5168c98c5875786003a455ff022cb34
      size: 32
    - path: src/evaluate.py
      hash: md5
      md5: f7835adf0a0ea1a4548f7e8f6188ed43
      size: 5163
    outs:
    - path: metrics/c5/silhouette.json
      hash: md5
      md5: b7fb7cda1853007d63a05bea573805d7
      size: 47
  evaluate@c10:
    cmd: python src/evaluate.py -v -f models/c10/artifacts/clusterized.csv -ri 
      models/c10/last_run_id.txt -ap models/c10/artifacts -mo 
      metrics/c10/silhouette.json
    deps:
    - path: models/c10/artifacts/clusterized.csv
      hash: md5
      md5: 022fec1af13c0ed886d4603023dcd55a
      size: 235861870
    - path: models/c10/last_run_id.txt
      hash: md5
      md5: 5c78f7a35ec945bed3a99e587b727156
      size: 32
    - path: src/evaluate.py
      hash: md5
      md5: f7835adf0a0ea1a4548f7e8f6188ed43
      size: 5163
    outs:
    - path: metrics/c10/silhouette.json
      hash: md5
      md5: 764aac5f7a9d8b5d89ba680645e2a8b9
      size: 48
  evaluate@c15:
    cmd: python src/evaluate.py -v -f models/c15/artifacts/clusterized.csv -ri 
      models/c15/last_run_id.txt -ap models/c15/artifacts -mo 
      metrics/c15/silhouette.json
    deps:
    - path: models/c15/artifacts/clusterized.csv
      hash: md5
      md5: 25ba237f1b379428083eef42582e3124
      size: 235794646
    - path: models/c15/last_run_id.txt
      hash: md5
      md5: 71b8e0b4099fef0b2cf8532c70a52751
      size: 32
    - path: src/evaluate.py
      hash: md5
      md5: f7835adf0a0ea1a4548f7e8f6188ed43
      size: 5163
    outs:
    - path: metrics/c15/silhouette.json
      hash: md5
      md5: 36d93de8fc5a25715c2afdf1694db653
      size: 48
